
Microsoft Visual Studio Solution File, Format Version 12.00
# Visual Studio Version 16
VisualStudioVersion = 16.0.31129.286
MinimumVisualStudioVersion = 10.0.40219.1
Project("{9A19103F-16F7-4668-BE54-9A1E7A4F7556}") = "Final_Project_WebApiUsingJwtAuthentication", "SecuringWebApiUsingJwtAuthentication\Final_Project_WebApiUsingJwtAuthentication.csproj", "{03244EE4-0814-4EAF-B640-A0170DDD6B96}"
EndProject
Project("{9A19103F-16F7-4668-BE54-9A1E7A4F7556}") = "Final_assignment", "..\..\..\Users\Rupes\OneDrive\Documents\information encoding standards\aspnetcore3-authentication-master\IdentityExample\Final_assignment.csproj", "{97600CA3-F8B1-40FB-B7E3-5E890C57D841}"
EndProject
Global
	GlobalSection(SolutionConfigurationPlatforms) = preSolution
		Debug|Any CPU = Debug|Any CPU
		Release|Any CPU = Release|Any CPU
	EndGlobalSection
	GlobalSection(ProjectConfigurationPlatforms) = postSolution
		{03244EE4-0814-4EAF-B640-A0170DDD6B96}.Debug|Any CPU.ActiveCfg = Debug|Any CPU
		{03244EE4-0814-4EAF-B640-A0170DDD6B96}.Debug|Any CPU.Build.0 = Debug|Any CPU
		{03244EE4-0814-4EAF-B640-A0170DDD6B96}.Release|Any CPU.ActiveCfg = Release|Any CPU
		{03244EE4-0814-4EAF-B640-A0170DDD6B96}.Release|Any CPU.Build.0 = Release|Any CPU
		{97600CA3-F8B1-40FB-B7E3-5E890C57D841}.Debug|Any CPU.ActiveCfg = Debug|Any CPU
		{97600CA3-F8B1-40FB-B7E3-5E890C57D841}.Debug|Any CPU.Build.0 = Debug|Any CPU
		{97600CA3-F8B1-40FB-B7E3-5E890C57D841}.Release|Any CPU.ActiveCfg = Release|Any CPU
		{97600CA3-F8B1-40FB-B7E3-5E890C57D841}.Release|Any CPU.Build.0 = Release|Any CPU
	EndGlobalSection
	GlobalSection(SolutionProperties) = preSolution
		HideSolutionNode = FALSE
	EndGlobalSection
	GlobalSection(ExtensibilityGlobals) = postSolution
		SolutionGuid = {3D0C5475-57F2-4673-A1B6-8386D0746931}
	EndGlobalSection
EndGlobal
